
Microsoft Visual Studio Solution File, Format Version 12.00
# Visual Studio 15
VisualStudioVersion = 15.0.27428.2015
MinimumVisualStudioVersion = 10.0.40219.1
Project("{FAE04EC0-301F-11D3-BF4B-00C04F79EFBC}") = "Calculator", "Calculator\Calculator.csproj", "{D1670AF2-0778-4BB2-B26B-E26A7321F274}"
EndProject
Global
	GlobalSection(SolutionConfigurationPlatforms) = preSolution
		Debug|Any CPU = Debug|Any CPU
		Release|Any CPU = Release|Any CPU
	EndGlobalSection
	GlobalSection(ProjectConfigurationPlatforms) = postSolution
		{D1670AF2-0778-4BB2-B26B-E26A7321F274}.Debug|Any CPU.ActiveCfg = Debug|Any CPU
		{D1670AF2-0778-4BB2-B26B-E26A7321F274}.Debug|Any CPU.Build.0 = Debug|Any CPU
		{D1670AF2-0778-4BB2-B26B-E26A7321F274}.Release|Any CPU.ActiveCfg = Release|Any CPU
		{D1670AF2-0778-4BB2-B26B-E26A7321F274}.Release|Any CPU.Build.0 = Release|Any CPU
	EndGlobalSection
	GlobalSection(SolutionProperties) = preSolution
		HideSolutionNode = FALSE
	EndGlobalSection
	GlobalSection(ExtensibilityGlobals) = postSolution
		SolutionGuid = {60D3AD50-F394-4A90-A8B7-7F78139E345A}
	EndGlobalSection
EndGlobal
